PODS:
  - Alamofire (4.8.0)
  - BKEventBus (1.0.8)
  - BKRedux (1.1.2):
    - RxCocoa (>= 4.2.0)
    - RxSwift (>= 4.2.0)
  - Fakery (3.4.0)
  - FontAwesome.swift (1.4.6)
  - MaterialActivityIndicator (0.0.4)
  - Moya (12.0.1):
    - Moya/Core (= 12.0.1)
  - Moya/Core (12.0.1):
    - Alamofire (~> 4.1)
    - Result (~> 4.0)
  - ReactComponentKit (0.3.3):
    - BKEventBus (>= 1.0.7)
    - BKRedux (>= 1.0.0)
    - RxCocoa (>= 4.2.0)
    - RxSwift (>= 4.2.0)
  - Result (4.0.0)
  - RxAtomic (4.4.0)
  - RxCocoa (4.4.0):
    - RxSwift (~> 4.0)
  - RxSwift (4.4.0):
    - RxAtomic (~> 4.4)
  - SnapKit (4.2.0)

DEPENDENCIES:
  - Fakery
  - FontAwesome.swift
  - MaterialActivityIndicator
  - Moya
  - ReactComponentKit
  - SnapKit

SPEC REPOS:
  https://github.com/cocoapods/specs.git:
    - Alamofire
    - BKEventBus
    - BKRedux
    - Fakery
    - FontAwesome.swift
    - MaterialActivityIndicator
    - Moya
    - ReactComponentKit
    - Result
    - RxAtomic
    - RxCocoa
    - RxSwift
    - SnapKit

SPEC CHECKSUMS:
  Alamofire: 3ec537f71edc9804815215393ae2b1a8ea33a844
  BKEventBus: b6ec629c0581c98a9c798f930aadd92b751a3f6b
  BKRedux: 2c729b490888bb8a75d4e7b1abe41fd44738e956
  Fakery: 885e894a3e7c392e1da96c6e46a1abe5a0b28686
  FontAwesome.swift: 18fb500c0decc2bbfadf2ae16a936704ec2c49bd
  MaterialActivityIndicator: f5ea8ece4def5fcc658909f381bcefc341e2b99c
  Moya: cf730b3cd9e005401ef37a85143aa141a12fd38f
  ReactComponentKit: 8a944f7533fb08cd910be235e749085b10315368
  Result: 7645bb3f50c2ce726dd0ff2fa7b6f42bbe6c3713
  RxAtomic: eacf60db868c96bfd63320e28619fe29c179656f
  RxCocoa: df63ebf7b9a70d6b4eeea407ed5dd4efc8979749
  RxSwift: 5976ecd04fc2fefd648827c23de5e11157faa973
  SnapKit: fe8a619752f3f27075cc9a90244d75c6c3f27e2a

PODFILE CHECKSUM: 32079a21ca1ebe42527e9509f804c9b0b0b38e84

COCOAPODS: 1.6.0.beta.1
